# This file is automatically @generated by Cargo.
# It is not intended for manual editing.
version = 4

[[package]]
name = "linux"
version = "0.1.0"
source = "git+https://github.com/shipsimfan/lib-linux#9f4ee2d3a80afd751c6aa07ed3a78b000f58c557"

[[package]]
name = "vulkan"
version = "0.1.1"
dependencies = [
 "wayland",
 "win32",
]

[[package]]
name = "wayland"
version = "0.1.0"
source = "git+https://github.com/shipsimfan/lib-wayland#4db083116a15b79a9139f5b518e1b4e13893c089"
dependencies = [
 "linux",
]

[[package]]
name = "win32"
version = "0.1.0"
source = "git+https://github.com/shipsimfan/lib-win32#6113a8c718e9862478f9d20f6746912b1476a91d"
