# This file is automatically @generated by Cargo.
# It is not intended for manual editing.
version = 4

[[package]]
name = "vulkan"
version = "0.1.0"
dependencies = [
 "win32",
]

[[package]]
name = "win32"
version = "0.1.0"
source = "git+https://github.com/shipsimfan/lib-win32#6113a8c718e9862478f9d20f6746912b1476a91d"
